
Microsoft Visual Studio Solution File, Format Version 12.00
# Visual Studio 15
VisualStudioVersion = 15.0.27703.2000
MinimumVisualStudioVersion = 10.0.40219.1
Project("{FAE04EC0-301F-11D3-BF4B-00C04F79EFBC}") = "CloudAPIsCustomAPI", "CloudAPIsCustomAPI\CloudAPIsCustomAPI.csproj", "{29A7E563-17B2-47BE-AA80-379B872732EA}"
EndProject
Global
	GlobalSection(SolutionConfigurationPlatforms) = preSolution
		Debug|Any CPU = Debug|Any CPU
		Release|Any CPU = Release|Any CPU
	EndGlobalSection
	GlobalSection(ProjectConfigurationPlatforms) = postSolution
		{29A7E563-17B2-47BE-AA80-379B872732EA}.Debug|Any CPU.ActiveCfg = Debug|Any CPU
		{29A7E563-17B2-47BE-AA80-379B872732EA}.Debug|Any CPU.Build.0 = Debug|Any CPU
		{29A7E563-17B2-47BE-AA80-379B872732EA}.Release|Any CPU.ActiveCfg = Release|Any CPU
		{29A7E563-17B2-47BE-AA80-379B872732EA}.Release|Any CPU.Build.0 = Release|Any CPU
	EndGlobalSection
	GlobalSection(SolutionProperties) = preSolution
		HideSolutionNode = FALSE
	EndGlobalSection
	GlobalSection(ExtensibilityGlobals) = postSolution
		SolutionGuid = {53876E5E-E032-4EF3-9F26-E79A5E90D003}
	EndGlobalSection
EndGlobal
